
Microsoft Visual Studio Solution File, Format Version 12.00
# Visual Studio Version 17
VisualStudioVersion = 17.6.33815.320
MinimumVisualStudioVersion = 10.0.40219.1
Project("{9A19103F-16F7-4668-BE54-9A1E7A4F7556}") = "MiniProject1_V1", "MiniProject1_V1.csproj", "{32E0302E-0005-4F29-B436-1DD81F01B086}"
EndProject
Project("{FAE04EC0-301F-11D3-BF4B-00C04F79EFBC}") = "TestProject5", "..\TestProject5\TestProject5.csproj", "{4F53CE86-2ADB-496A-8836-1733B4FABC31}"
EndProject
Global
	GlobalSection(SolutionConfigurationPlatforms) = preSolution
		Debug|Any CPU = Debug|Any CPU
		Release|Any CPU = Release|Any CPU
	EndGlobalSection
	GlobalSection(ProjectConfigurationPlatforms) = postSolution
		{32E0302E-0005-4F29-B436-1DD81F01B086}.Debug|Any CPU.ActiveCfg = Debug|Any CPU
		{32E0302E-0005-4F29-B436-1DD81F01B086}.Debug|Any CPU.Build.0 = Debug|Any CPU
		{32E0302E-0005-4F29-B436-1DD81F01B086}.Release|Any CPU.ActiveCfg = Release|Any CPU
		{32E0302E-0005-4F29-B436-1DD81F01B086}.Release|Any CPU.Build.0 = Release|Any CPU
		{4F53CE86-2ADB-496A-8836-1733B4FABC31}.Debug|Any CPU.ActiveCfg = Debug|Any CPU
		{4F53CE86-2ADB-496A-8836-1733B4FABC31}.Debug|Any CPU.Build.0 = Debug|Any CPU
		{4F53CE86-2ADB-496A-8836-1733B4FABC31}.Release|Any CPU.ActiveCfg = Release|Any CPU
		{4F53CE86-2ADB-496A-8836-1733B4FABC31}.Release|Any CPU.Build.0 = Release|Any CPU
	EndGlobalSection
	GlobalSection(SolutionProperties) = preSolution
		HideSolutionNode = FALSE
	EndGlobalSection
	GlobalSection(ExtensibilityGlobals) = postSolution
		SolutionGuid = {92B81194-7FBD-4687-A790-B909F8D25665}
	EndGlobalSection
EndGlobal
